
Microsoft Visual Studio Solution File, Format Version 12.00
# Visual Studio Version 16
VisualStudioVersion = 16.0.31605.320
MinimumVisualStudioVersion = 10.0.40219.1
Project("{FAE04EC0-301F-11D3-BF4B-00C04F79EFBC}") = "Weekone", "Weekone.csproj", "{2B722E4A-8152-41E1-A183-6D57914DF051}"
EndProject
Global
	GlobalSection(SolutionConfigurationPlatforms) = preSolution
		Debug|Any CPU = Debug|Any CPU
		Release|Any CPU = Release|Any CPU
	EndGlobalSection
	GlobalSection(ProjectConfigurationPlatforms) = postSolution
		{2B722E4A-8152-41E1-A183-6D57914DF051}.Debug|Any CPU.ActiveCfg = Debug|Any CPU
		{2B722E4A-8152-41E1-A183-6D57914DF051}.Debug|Any CPU.Build.0 = Debug|Any CPU
		{2B722E4A-8152-41E1-A183-6D57914DF051}.Release|Any CPU.ActiveCfg = Release|Any CPU
		{2B722E4A-8152-41E1-A183-6D57914DF051}.Release|Any CPU.Build.0 = Release|Any CPU
	EndGlobalSection
	GlobalSection(SolutionProperties) = preSolution
		HideSolutionNode = FALSE
	EndGlobalSection
	GlobalSection(ExtensibilityGlobals) = postSolution
		SolutionGuid = {6CF1AC45-44C0-42BB-9D48-ADED10B7A3F1}
	EndGlobalSection
EndGlobal
